
Microsoft Visual Studio Solution File, Format Version 12.00
# Visual Studio Version 17
VisualStudioVersion = 17.10.35027.167
MinimumVisualStudioVersion = 10.0.40219.1
Project("{FAE04EC0-301F-11D3-BF4B-00C04F79EFBC}") = "API", "API\API.csproj", "{D6DC0C0C-FEC6-4FF3-A364-449DB07E9AB2}"
EndProject
Project("{FAE04EC0-301F-11D3-BF4B-00C04F79EFBC}") = "Web_Empleados", "Web_Empleados\Web_Empleados.csproj", "{D2E0B17B-13D0-4535-AF83-BD28257BD4E3}"
EndProject
Global
	GlobalSection(SolutionConfigurationPlatforms) = preSolution
		Debug|Any CPU = Debug|Any CPU
		Release|Any CPU = Release|Any CPU
	EndGlobalSection
	GlobalSection(ProjectConfigurationPlatforms) = postSolution
		{D6DC0C0C-FEC6-4FF3-A364-449DB07E9AB2}.Debug|Any CPU.ActiveCfg = Debug|Any CPU
		{D6DC0C0C-FEC6-4FF3-A364-449DB07E9AB2}.Debug|Any CPU.Build.0 = Debug|Any CPU
		{D6DC0C0C-FEC6-4FF3-A364-449DB07E9AB2}.Release|Any CPU.ActiveCfg = Release|Any CPU
		{D6DC0C0C-FEC6-4FF3-A364-449DB07E9AB2}.Release|Any CPU.Build.0 = Release|Any CPU
		{D2E0B17B-13D0-4535-AF83-BD28257BD4E3}.Debug|Any CPU.ActiveCfg = Debug|Any CPU
		{D2E0B17B-13D0-4535-AF83-BD28257BD4E3}.Debug|Any CPU.Build.0 = Debug|Any CPU
		{D2E0B17B-13D0-4535-AF83-BD28257BD4E3}.Release|Any CPU.ActiveCfg = Release|Any CPU
		{D2E0B17B-13D0-4535-AF83-BD28257BD4E3}.Release|Any CPU.Build.0 = Release|Any CPU
	EndGlobalSection
	GlobalSection(SolutionProperties) = preSolution
		HideSolutionNode = FALSE
	EndGlobalSection
	GlobalSection(ExtensibilityGlobals) = postSolution
		SolutionGuid = {1F02C75A-90CF-41A4-BD71-AF142F391D1D}
	EndGlobalSection
EndGlobal
